// !$*UTF8*$!
{
	archiveVersion = 1;
	classes = {
	};
	objectVersion = 56;
	objects = {

/* Begin PBXBuildFile section */
		AB02A048295F62D800EDE88D /* AccountSummaryCell.swift in Sources */ = {isa = PBXBuildFile; fileRef = AB02A047295F62D800EDE88D /* AccountSummaryCell.swift */; };
		AB87225B295F09E3007656F4 /* DummyViewController.swift in Sources */ = {isa = PBXBuildFile; fileRef = AB87225A295F09E3007656F4 /* DummyViewController.swift */; };
		AB87225E295F0EA2007656F4 /* LocalState.swift in Sources */ = {isa = PBXBuildFile; fileRef = AB87225D295F0EA2007656F4 /* LocalState.swift */; };
		AB872260295F1850007656F4 /* UiViewController+Utils.swift in Sources */ = {isa = PBXBuildFile; fileRef = AB87225F295F1850007656F4 /* UiViewController+Utils.swift */; };
		AB872262295F19B3007656F4 /* MainViewController.swift in Sources */ = {isa = PBXBuildFile; fileRef = AB872261295F19B3007656F4 /* MainViewController.swift */; };
		AB872265295F3B37007656F4 /* AccountSummaryViewController.swift in Sources */ = {isa = PBXBuildFile; fileRef = AB872264295F3B37007656F4 /* AccountSummaryViewController.swift */; };
		AB872267295F405A007656F4 /* AccountSummaryHeaderView.swift in Sources */ = {isa = PBXBuildFile; fileRef = AB872266295F405A007656F4 /* AccountSummaryHeaderView.swift */; };
		AB872269295F40B4007656F4 /* AccountSummaryHeaderView.xib in Resources */ = {isa = PBXBuildFile; fileRef = AB872268295F40B4007656F4 /* AccountSummaryHeaderView.xib */; };
		AB9E9F47295DA3C300100EA3 /* AppDelegate.swift in Sources */ = {isa = PBXBuildFile; fileRef = AB9E9F46295DA3C300100EA3 /* AppDelegate.swift */; };
		AB9E9F4B295DA3C300100EA3 /* LoginViewController.swift in Sources */ = {isa = PBXBuildFile; fileRef = AB9E9F4A295DA3C300100EA3 /* LoginViewController.swift */; };
		AB9E9F50295DA3C400100EA3 /* Assets.xcassets in Resources */ = {isa = PBXBuildFile; fileRef = AB9E9F4F295DA3C400100EA3 /* Assets.xcassets */; };
		AB9E9F53295DA3C400100EA3 /* LaunchScreen.storyboard in Resources */ = {isa = PBXBuildFile; fileRef = AB9E9F51295DA3C400100EA3 /* LaunchScreen.storyboard */; };
		AB9E9F5D295DA63A00100EA3 /* LoginView.swift in Sources */ = {isa = PBXBuildFile; fileRef = AB9E9F5C295DA63A00100EA3 /* LoginView.swift */; };
		ABA2CC26296335AF00852AFA /* ShakeyBellView.swift in Sources */ = {isa = PBXBuildFile; fileRef = ABA2CC25296335AF00852AFA /* ShakeyBellView.swift */; };
		ABA2CC2829634EC000852AFA /* Date+Utils.swift in Sources */ = {isa = PBXBuildFile; fileRef = ABA2CC2729634EC000852AFA /* Date+Utils.swift */; };
		ABA2CC2A296350B700852AFA /* AccountSummaryViewController+Networking.swift in Sources */ = {isa = PBXBuildFile; fileRef = ABA2CC29296350B700852AFA /* AccountSummaryViewController+Networking.swift */; };
		ABA2CC2E29635CC700852AFA /* ProfileTests.swift in Sources */ = {isa = PBXBuildFile; fileRef = ABA2CC2D29635CC700852AFA /* ProfileTests.swift */; };
		ABA2CC3029635D8A00852AFA /* AccountTests.swift in Sources */ = {isa = PBXBuildFile; fileRef = ABA2CC2F29635D8A00852AFA /* AccountTests.swift */; };
		ABA3F5ED295E4005007111AC /* OnboardingContainerViewControllerDelegate.swift in Sources */ = {isa = PBXBuildFile; fileRef = ABA3F5EC295E4005007111AC /* OnboardingContainerViewControllerDelegate.swift */; };
		ABA3F5EF295E43FA007111AC /* OnboardingViewController.swift in Sources */ = {isa = PBXBuildFile; fileRef = ABA3F5EE295E43FA007111AC /* OnboardingViewController.swift */; };
		ABEC83BB2960530D003EF77E /* Decimal+Utils.swift in Sources */ = {isa = PBXBuildFile; fileRef = ABEC83BA2960530D003EF77E /* Decimal+Utils.swift */; };
		ABEC83BD29605360003EF77E /* CurrencyFormatter.swift in Sources */ = {isa = PBXBuildFile; fileRef = ABEC83BC29605360003EF77E /* CurrencyFormatter.swift */; };
		ABEC83CC2961CBD2003EF77E /* CurrencyFormatterTests.swift in Sources */ = {isa = PBXBuildFile; fileRef = ABEC83CB2961CBD2003EF77E /* CurrencyFormatterTests.swift */; };
		ABEC83CE2961F779003EF77E /* NSNotificationName.swift in Sources */ = {isa = PBXBuildFile; fileRef = ABEC83CD2961F779003EF77E /* NSNotificationName.swift */; };
		ABEC83D02961F9A5003EF77E /* UITextField+SecureToggle.swift in Sources */ = {isa = PBXBuildFile; fileRef = ABEC83CF2961F9A5003EF77E /* UITextField+SecureToggle.swift */; };
/* End PBXBuildFile section */

/* Begin PBXContainerItemProxy section */
		ABEC83C62961CAE6003EF77E /* PBXContainerItemProxy */ = {
			isa = PBXContainerItemProxy;
			containerPortal = AB9E9F3B295DA3C300100EA3 /* Project object */;
			proxyType = 1;
			remoteGlobalIDString = AB9E9F42295DA3C300100EA3;
			remoteInfo = Bankey;
		};
/* End PBXContainerItemProxy section */

/* Begin PBXFileReference section */
		AB02A047295F62D800EDE88D /* AccountSummaryCell.swift */ = {isa = PBXFileReference; lastKnownFileType = sourcecode.swift; path = AccountSummaryCell.swift; sourceTree = "<group>"; };
		AB87225A295F09E3007656F4 /* DummyViewController.swift */ = {isa = PBXFileReference; lastKnownFileType = sourcecode.swift; path = DummyViewController.swift; sourceTree = "<group>"; };
		AB87225D295F0EA2007656F4 /* LocalState.swift */ = {isa = PBXFileReference; lastKnownFileType = sourcecode.swift; path = LocalState.swift; sourceTree = "<group>"; };
		AB87225F295F1850007656F4 /* UiViewController+Utils.swift */ = {isa = PBXFileReference; lastKnownFileType = sourcecode.swift; path = "UiViewController+Utils.swift"; sourceTree = "<group>"; };
		AB872261295F19B3007656F4 /* MainViewController.swift */ = {isa = PBXFileReference; lastKnownFileType = sourcecode.swift; path = MainViewController.swift; sourceTree = "<group>"; };
		AB872264295F3B37007656F4 /* AccountSummaryViewController.swift */ = {isa = PBXFileReference; lastKnownFileType = sourcecode.swift; path = AccountSummaryViewController.swift; sourceTree = "<group>"; };
		AB872266295F405A007656F4 /* AccountSummaryHeaderView.swift */ = {isa = PBXFileReference; lastKnownFileType = sourcecode.swift; path = AccountSummaryHeaderView.swift; sourceTree = "<group>"; };
		AB872268295F40B4007656F4 /* AccountSummaryHeaderView.xib */ = {isa = PBXFileReference; lastKnownFileType = file.xib; path = AccountSummaryHeaderView.xib; sourceTree = "<group>"; };
		AB9E9F43295DA3C300100EA3 /* Bankey.app */ = {isa = PBXFileReference; explicitFileType = wrapper.application; includeInIndex = 0; path = Bankey.app; sourceTree = BUILT_PRODUCTS_DIR; };
		AB9E9F46295DA3C300100EA3 /* AppDelegate.swift */ = {isa = PBXFileReference; lastKnownFileType = sourcecode.swift; path = AppDelegate.swift; sourceTree = "<group>"; };
		AB9E9F4A295DA3C300100EA3 /* LoginViewController.swift */ = {isa = PBXFileReference; lastKnownFileType = sourcecode.swift; path = LoginViewController.swift; sourceTree = "<group>"; };
		AB9E9F4F295DA3C400100EA3 /* Assets.xcassets */ = {isa = PBXFileReference; lastKnownFileType = folder.assetcatalog; path = Assets.xcassets; sourceTree = "<group>"; };
		AB9E9F52295DA3C400100EA3 /* Base */ = {isa = PBXFileReference; lastKnownFileType = file.storyboard; name = Base; path = Base.lproj/LaunchScreen.storyboard; sourceTree = "<group>"; };
		AB9E9F54295DA3C400100EA3 /* Info.plist */ = {isa = PBXFileReference; lastKnownFileType = text.plist.xml; path = Info.plist; sourceTree = "<group>"; };
		AB9E9F5C295DA63A00100EA3 /* LoginView.swift */ = {isa = PBXFileReference; lastKnownFileType = sourcecode.swift; path = LoginView.swift; sourceTree = "<group>"; };
		ABA2CC25296335AF00852AFA /* ShakeyBellView.swift */ = {isa = PBXFileReference; lastKnownFileType = sourcecode.swift; path = ShakeyBellView.swift; sourceTree = "<group>"; };
		ABA2CC2729634EC000852AFA /* Date+Utils.swift */ = {isa = PBXFileReference; lastKnownFileType = sourcecode.swift; path = "Date+Utils.swift"; sourceTree = "<group>"; };
		ABA2CC29296350B700852AFA /* AccountSummaryViewController+Networking.swift */ = {isa = PBXFileReference; lastKnownFileType = sourcecode.swift; path = "AccountSummaryViewController+Networking.swift"; sourceTree = "<group>"; };
		ABA2CC2D29635CC700852AFA /* ProfileTests.swift */ = {isa = PBXFileReference; lastKnownFileType = sourcecode.swift; path = ProfileTests.swift; sourceTree = "<group>"; };
		ABA2CC2F29635D8A00852AFA /* AccountTests.swift */ = {isa = PBXFileReference; lastKnownFileType = sourcecode.swift; path = AccountTests.swift; sourceTree = "<group>"; };
		ABA3F5EC295E4005007111AC /* OnboardingContainerViewControllerDelegate.swift */ = {isa = PBXFileReference; lastKnownFileType = sourcecode.swift; path = OnboardingContainerViewControllerDelegate.swift; sourceTree = "<group>"; };
		ABA3F5EE295E43FA007111AC /* OnboardingViewController.swift */ = {isa = PBXFileReference; lastKnownFileType = sourcecode.swift; path = OnboardingViewController.swift; sourceTree = "<group>"; };
		ABEC83BA2960530D003EF77E /* Decimal+Utils.swift */ = {isa = PBXFileReference; lastKnownFileType = sourcecode.swift; path = "Decimal+Utils.swift"; sourceTree = "<group>"; };
		ABEC83BC29605360003EF77E /* CurrencyFormatter.swift */ = {isa = PBXFileReference; lastKnownFileType = sourcecode.swift; path = CurrencyFormatter.swift; sourceTree = "<group>"; };
		ABEC83C22961CAE6003EF77E /* BankeyUnitTests.xctest */ = {isa = PBXFileReference; explicitFileType = wrapper.cfbundle; includeInIndex = 0; path = BankeyUnitTests.xctest; sourceTree = BUILT_PRODUCTS_DIR; };
		ABEC83CB2961CBD2003EF77E /* CurrencyFormatterTests.swift */ = {isa = PBXFileReference; lastKnownFileType = sourcecode.swift; path = CurrencyFormatterTests.swift; sourceTree = "<group>"; };
		ABEC83CD2961F779003EF77E /* NSNotificationName.swift */ = {isa = PBXFileReference; lastKnownFileType = sourcecode.swift; path = NSNotificationName.swift; sourceTree = "<group>"; };
		ABEC83CF2961F9A5003EF77E /* UITextField+SecureToggle.swift */ = {isa = PBXFileReference; lastKnownFileType = sourcecode.swift; path = "UITextField+SecureToggle.swift"; sourceTree = "<group>"; };
/* End PBXFileReference section */

/* Begin PBXFrameworksBuildPhase section */
		AB9E9F40295DA3C300100EA3 /* Frameworks */ = {
			isa = PBXFrameworksBuildPhase;
			buildActionMask = 2147483647;
			files = (
			);
			runOnlyForDeploymentPostprocessing = 0;
		};
		ABEC83BF2961CAE6003EF77E /* Frameworks */ = {
			isa = PBXFrameworksBuildPhase;
			buildActionMask = 2147483647;
			files = (
			);
			runOnlyForDeploymentPostprocessing = 0;
		};
/* End PBXFrameworksBuildPhase section */

/* Begin PBXGroup section */
		AB02A045295F629400EDE88D /* Header */ = {
			isa = PBXGroup;
			children = (
				AB872266295F405A007656F4 /* AccountSummaryHeaderView.swift */,
				AB872268295F40B4007656F4 /* AccountSummaryHeaderView.xib */,
			);
			path = Header;
			sourceTree = "<group>";
		};
		AB02A046295F62AC00EDE88D /* Cells */ = {
			isa = PBXGroup;
			children = (
				AB02A047295F62D800EDE88D /* AccountSummaryCell.swift */,
			);
			path = Cells;
			sourceTree = "<group>";
		};
		AB87225C295F0E94007656F4 /* Utilis */ = {
			isa = PBXGroup;
			children = (
				AB87225D295F0EA2007656F4 /* LocalState.swift */,
				AB87225F295F1850007656F4 /* UiViewController+Utils.swift */,
				ABEC83BA2960530D003EF77E /* Decimal+Utils.swift */,
				ABEC83BC29605360003EF77E /* CurrencyFormatter.swift */,
				ABEC83CD2961F779003EF77E /* NSNotificationName.swift */,
				ABEC83CF2961F9A5003EF77E /* UITextField+SecureToggle.swift */,
				ABA2CC2729634EC000852AFA /* Date+Utils.swift */,
			);
			path = Utilis;
			sourceTree = "<group>";
		};
		AB872263295F3B0C007656F4 /* AccountSummary */ = {
			isa = PBXGroup;
			children = (
				AB872264295F3B37007656F4 /* AccountSummaryViewController.swift */,
				ABA2CC29296350B700852AFA /* AccountSummaryViewController+Networking.swift */,
				AB02A045295F629400EDE88D /* Header */,
				AB02A046295F62AC00EDE88D /* Cells */,
			);
			path = AccountSummary;
			sourceTree = "<group>";
		};
		AB9E9F3A295DA3C300100EA3 = {
			isa = PBXGroup;
			children = (
				AB9E9F45295DA3C300100EA3 /* Bankey */,
				ABEC83C32961CAE6003EF77E /* BankeyUnitTests */,
				AB9E9F44295DA3C300100EA3 /* Products */,
			);
			sourceTree = "<group>";
		};
		AB9E9F44295DA3C300100EA3 /* Products */ = {
			isa = PBXGroup;
			children = (
				AB9E9F43295DA3C300100EA3 /* Bankey.app */,
				ABEC83C22961CAE6003EF77E /* BankeyUnitTests.xctest */,
			);
			name = Products;
			sourceTree = "<group>";
		};
		AB9E9F45295DA3C300100EA3 /* Bankey */ = {
			isa = PBXGroup;
			children = (
				AB9E9F46295DA3C300100EA3 /* AppDelegate.swift */,
				AB872261295F19B3007656F4 /* MainViewController.swift */,
				AB9E9F5B295DA61800100EA3 /* Login */,
				ABA3F5EB295E3FCE007111AC /* Onboarding */,
				AB872263295F3B0C007656F4 /* AccountSummary */,
				AB87225C295F0E94007656F4 /* Utilis */,
				ABA2CC242963359500852AFA /* Components */,
				AB9E9F5A295DA5C500100EA3 /* Files */,
			);
			path = Bankey;
			sourceTree = "<group>";
		};
		AB9E9F5A295DA5C500100EA3 /* Files */ = {
			isa = PBXGroup;
			children = (
				AB9E9F4F295DA3C400100EA3 /* Assets.xcassets */,
				AB9E9F51295DA3C400100EA3 /* LaunchScreen.storyboard */,
				AB9E9F54295DA3C400100EA3 /* Info.plist */,
			);
			name = Files;
			sourceTree = "<group>";
		};
		AB9E9F5B295DA61800100EA3 /* Login */ = {
			isa = PBXGroup;
			children = (
				AB9E9F4A295DA3C300100EA3 /* LoginViewController.swift */,
				AB9E9F5C295DA63A00100EA3 /* LoginView.swift */,
				AB87225A295F09E3007656F4 /* DummyViewController.swift */,
			);
			path = Login;
			sourceTree = "<group>";
		};
		ABA2CC242963359500852AFA /* Components */ = {
			isa = PBXGroup;
			children = (
				ABA2CC25296335AF00852AFA /* ShakeyBellView.swift */,
			);
			path = Components;
			sourceTree = "<group>";
		};
		ABA2CC2B29635C9C00852AFA /* Utils */ = {
			isa = PBXGroup;
			children = (
				ABEC83CB2961CBD2003EF77E /* CurrencyFormatterTests.swift */,
			);
			path = Utils;
			sourceTree = "<group>";
		};
		ABA2CC2C29635CA900852AFA /* AccountSummary */ = {
			isa = PBXGroup;
			children = (
				ABA2CC2D29635CC700852AFA /* ProfileTests.swift */,
				ABA2CC2F29635D8A00852AFA /* AccountTests.swift */,
			);
			path = AccountSummary;
			sourceTree = "<group>";
		};
		ABA3F5EB295E3FCE007111AC /* Onboarding */ = {
			isa = PBXGroup;
			children = (
				ABA3F5EC295E4005007111AC /* OnboardingContainerViewControllerDelegate.swift */,
				ABA3F5EE295E43FA007111AC /* OnboardingViewController.swift */,
			);
			path = Onboarding;
			sourceTree = "<group>";
		};
		ABEC83C32961CAE6003EF77E /* BankeyUnitTests */ = {
			isa = PBXGroup;
			children = (
				ABA2CC2C29635CA900852AFA /* AccountSummary */,
				ABA2CC2B29635C9C00852AFA /* Utils */,
			);
			path = BankeyUnitTests;
			sourceTree = "<group>";
		};
/* End PBXGroup section */

/* Begin PBXNativeTarget section */
		AB9E9F42295DA3C300100EA3 /* Bankey */ = {
			isa = PBXNativeTarget;
			buildConfigurationList = AB9E9F57295DA3C400100EA3 /* Build configuration list for PBXNativeTarget "Bankey" */;
			buildPhases = (
				AB9E9F3F295DA3C300100EA3 /* Sources */,
				AB9E9F40295DA3C300100EA3 /* Frameworks */,
				AB9E9F41295DA3C300100EA3 /* Resources */,
			);
			buildRules = (
			);
			dependencies = (
			);
			name = Bankey;
			productName = Bankey;
			productReference = AB9E9F43295DA3C300100EA3 /* Bankey.app */;
			productType = "com.apple.product-type.application";
		};
		ABEC83C12961CAE6003EF77E /* BankeyUnitTests */ = {
			isa = PBXNativeTarget;
			buildConfigurationList = ABEC83C82961CAE6003EF77E /* Build configuration list for PBXNativeTarget "BankeyUnitTests" */;
			buildPhases = (
				ABEC83BE2961CAE6003EF77E /* Sources */,
				ABEC83BF2961CAE6003EF77E /* Frameworks */,
				ABEC83C02961CAE6003EF77E /* Resources */,
			);
			buildRules = (
			);
			dependencies = (
				ABEC83C72961CAE6003EF77E /* PBXTargetDependency */,
			);
			name = BankeyUnitTests;
			productName = BankeyUnitTests;
			productReference = ABEC83C22961CAE6003EF77E /* BankeyUnitTests.xctest */;
			productType = "com.apple.product-type.bundle.unit-test";
		};
/* End PBXNativeTarget section */

/* Begin PBXProject section */
		AB9E9F3B295DA3C300100EA3 /* Project object */ = {
			isa = PBXProject;
			attributes = {
				BuildIndependentTargetsInParallel = 1;
				LastSwiftUpdateCheck = 1420;
				LastUpgradeCheck = 1420;
				TargetAttributes = {
					AB9E9F42295DA3C300100EA3 = {
						CreatedOnToolsVersion = 14.2;
					};
					ABEC83C12961CAE6003EF77E = {
						CreatedOnToolsVersion = 14.2;
						LastSwiftMigration = 1420;
						TestTargetID = AB9E9F42295DA3C300100EA3;
					};
				};
			};
			buildConfigurationList = AB9E9F3E295DA3C300100EA3 /* Build configuration list for PBXProject "Bankey" */;
			compatibilityVersion = "Xcode 14.0";
			developmentRegion = en;
			hasScannedForEncodings = 0;
			knownRegions = (
				en,
				Base,
			);
			mainGroup = AB9E9F3A295DA3C300100EA3;
			productRefGroup = AB9E9F44295DA3C300100EA3 /* Products */;
			projectDirPath = "";
			projectRoot = "";
			targets = (
				AB9E9F42295DA3C300100EA3 /* Bankey */,
				ABEC83C12961CAE6003EF77E /* BankeyUnitTests */,
			);
		};
/* End PBXProject section */

/* Begin PBXResourcesBuildPhase section */
		AB9E9F41295DA3C300100EA3 /* Resources */ = {
			isa = PBXResourcesBuildPhase;
			buildActionMask = 2147483647;
			files = (
				AB872269295F40B4007656F4 /* AccountSummaryHeaderView.xib in Resources */,
				AB9E9F53295DA3C400100EA3 /* LaunchScreen.storyboard in Resources */,
				AB9E9F50295DA3C400100EA3 /* Assets.xcassets in Resources */,
			);
			runOnlyForDeploymentPostprocessing = 0;
		};
		ABEC83C02961CAE6003EF77E /* Resources */ = {
			isa = PBXResourcesBuildPhase;
			buildActionMask = 2147483647;
			files = (
			);
			runOnlyForDeploymentPostprocessing = 0;
		};
/* End PBXResourcesBuildPhase section */

/* Begin PBXSourcesBuildPhase section */
		AB9E9F3F295DA3C300100EA3 /* Sources */ = {
			isa = PBXSourcesBuildPhase;
			buildActionMask = 2147483647;
			files = (
				AB872260295F1850007656F4 /* UiViewController+Utils.swift in Sources */,
				ABA2CC2829634EC000852AFA /* Date+Utils.swift in Sources */,
				AB9E9F5D295DA63A00100EA3 /* LoginView.swift in Sources */,
				AB87225E295F0EA2007656F4 /* LocalState.swift in Sources */,
				AB872267295F405A007656F4 /* AccountSummaryHeaderView.swift in Sources */,
				ABEC83D02961F9A5003EF77E /* UITextField+SecureToggle.swift in Sources */,
				AB87225B295F09E3007656F4 /* DummyViewController.swift in Sources */,
				ABEC83BD29605360003EF77E /* CurrencyFormatter.swift in Sources */,
				ABEC83BB2960530D003EF77E /* Decimal+Utils.swift in Sources */,
				ABEC83CE2961F779003EF77E /* NSNotificationName.swift in Sources */,
				AB9E9F4B295DA3C300100EA3 /* LoginViewController.swift in Sources */,
				ABA2CC26296335AF00852AFA /* ShakeyBellView.swift in Sources */,
				AB02A048295F62D800EDE88D /* AccountSummaryCell.swift in Sources */,
				ABA3F5EF295E43FA007111AC /* OnboardingViewController.swift in Sources */,
				AB872262295F19B3007656F4 /* MainViewController.swift in Sources */,
				AB872265295F3B37007656F4 /* AccountSummaryViewController.swift in Sources */,
				AB9E9F47295DA3C300100EA3 /* AppDelegate.swift in Sources */,
				ABA3F5ED295E4005007111AC /* OnboardingContainerViewControllerDelegate.swift in Sources */,
				ABA2CC2A296350B700852AFA /* AccountSummaryViewController+Networking.swift in Sources */,
			);
			runOnlyForDeploymentPostprocessing = 0;
		};
		ABEC83BE2961CAE6003EF77E /* Sources */ = {
			isa = PBXSourcesBuildPhase;
			buildActionMask = 2147483647;
			files = (
				ABEC83CC2961CBD2003EF77E /* CurrencyFormatterTests.swift in Sources */,
				ABA2CC3029635D8A00852AFA /* AccountTests.swift in Sources */,
				ABA2CC2E29635CC700852AFA /* ProfileTests.swift in Sources */,
			);
			runOnlyForDeploymentPostprocessing = 0;
		};
/* End PBXSourcesBuildPhase section */

/* Begin PBXTargetDependency section */
		ABEC83C72961CAE6003EF77E /* PBXTargetDependency */ = {
			isa = PBXTargetDependency;
			target = AB9E9F42295DA3C300100EA3 /* Bankey */;
			targetProxy = ABEC83C62961CAE6003EF77E /* PBXContainerItemProxy */;
		};
/* End PBXTargetDependency section */

/* Begin PBXVariantGroup section */
		AB9E9F51295DA3C400100EA3 /* LaunchScreen.storyboard */ = {
			isa = PBXVariantGroup;
			children = (
				AB9E9F52295DA3C400100EA3 /* Base */,
			);
			name = LaunchScreen.storyboard;
			sourceTree = "<group>";
		};
/* End PBXVariantGroup section */

/* Begin XCBuildConfiguration section */
		AB9E9F55295DA3C400100EA3 /* Debug */ = {
			isa = XCBuildConfiguration;
			buildSettings = {
				ALWAYS_SEARCH_USER_PATHS = NO;
				CLANG_ANALYZER_NONNULL = YES;
				CLANG_ANALYZER_NUMBER_OBJECT_CONVERSION = YES_AGGRESSIVE;
				CLANG_CXX_LANGUAGE_STANDARD = "gnu++20";
				CLANG_ENABLE_MODULES = YES;
				CLANG_ENABLE_OBJC_ARC = YES;
				CLANG_ENABLE_OBJC_WEAK = YES;
				CLANG_WARN_BLOCK_CAPTURE_AUTORELEASING = YES;
				CLANG_WARN_BOOL_CONVERSION = YES;
				CLANG_WARN_COMMA = YES;
				CLANG_WARN_CONSTANT_CONVERSION = YES;
				CLANG_WARN_DEPRECATED_OBJC_IMPLEMENTATIONS = YES;
				CLANG_WARN_DIRECT_OBJC_ISA_USAGE = YES_ERROR;
				CLANG_WARN_DOCUMENTATION_COMMENTS = YES;
				CLANG_WARN_EMPTY_BODY = YES;
				CLANG_WARN_ENUM_CONVERSION = YES;
				CLANG_WARN_INFINITE_RECURSION = YES;
				CLANG_WARN_INT_CONVERSION = YES;
				CLANG_WARN_NON_LITERAL_NULL_CONVERSION = YES;
				CLANG_WARN_OBJC_IMPLICIT_RETAIN_SELF = YES;
				CLANG_WARN_OBJC_LITERAL_CONVERSION = YES;
				CLANG_WARN_OBJC_ROOT_CLASS = YES_ERROR;
				CLANG_WARN_QUOTED_INCLUDE_IN_FRAMEWORK_HEADER = YES;
				CLANG_WARN_RANGE_LOOP_ANALYSIS = YES;
				CLANG_WARN_STRICT_PROTOTYPES = YES;
				CLANG_WARN_SUSPICIOUS_MOVE = YES;
				CLANG_WARN_UNGUARDED_AVAILABILITY = YES_AGGRESSIVE;
				CLANG_WARN_UNREACHABLE_CODE = YES;
				CLANG_WARN__DUPLICATE_METHOD_MATCH = YES;
				COPY_PHASE_STRIP = NO;
				DEBUG_INFORMATION_FORMAT = dwarf;
				ENABLE_STRICT_OBJC_MSGSEND = YES;
				ENABLE_TESTABILITY = YES;
				GCC_C_LANGUAGE_STANDARD = gnu11;
				GCC_DYNAMIC_NO_PIC = NO;
				GCC_NO_COMMON_BLOCKS = YES;
				GCC_OPTIMIZATION_LEVEL = 0;
				GCC_PREPROCESSOR_DEFINITIONS = (
					"DEBUG=1",
					"$(inherited)",
				);
				GCC_WARN_64_TO_32_BIT_CONVERSION = YES;
				GCC_WARN_ABOUT_RETURN_TYPE = YES_ERROR;
				GCC_WARN_UNDECLARED_SELECTOR = YES;
				GCC_WARN_UNINITIALIZED_AUTOS = YES_AGGRESSIVE;
				GCC_WARN_UNUSED_FUNCTION = YES;
				GCC_WARN_UNUSED_VARIABLE = YES;
				IPHONEOS_DEPLOYMENT_TARGET = 16.2;
				MTL_ENABLE_DEBUG_INFO = INCLUDE_SOURCE;
				MTL_FAST_MATH = YES;
				ONLY_ACTIVE_ARCH = YES;
				SDKROOT = iphoneos;
				SWIFT_ACTIVE_COMPILATION_CONDITIONS = DEBUG;
				SWIFT_OPTIMIZATION_LEVEL = "-Onone";
			};
			name = Debug;
		};
		AB9E9F56295DA3C400100EA3 /* Release */ = {
			isa = XCBuildConfiguration;
			buildSettings = {
				ALWAYS_SEARCH_USER_PATHS = NO;
				CLANG_ANALYZER_NONNULL = YES;
				CLANG_ANALYZER_NUMBER_OBJECT_CONVERSION = YES_AGGRESSIVE;
				CLANG_CXX_LANGUAGE_STANDARD = "gnu++20";
				CLANG_ENABLE_MODULES = YES;
				CLANG_ENABLE_OBJC_ARC = YES;
				CLANG_ENABLE_OBJC_WEAK = YES;
				CLANG_WARN_BLOCK_CAPTURE_AUTORELEASING = YES;
				CLANG_WARN_BOOL_CONVERSION = YES;
				CLANG_WARN_COMMA = YES;
				CLANG_WARN_CONSTANT_CONVERSION = YES;
				CLANG_WARN_DEPRECATED_OBJC_IMPLEMENTATIONS = YES;
				CLANG_WARN_DIRECT_OBJC_ISA_USAGE = YES_ERROR;
				CLANG_WARN_DOCUMENTATION_COMMENTS = YES;
				CLANG_WARN_EMPTY_BODY = YES;
				CLANG_WARN_ENUM_CONVERSION = YES;
				CLANG_WARN_INFINITE_RECURSION = YES;
				CLANG_WARN_INT_CONVERSION = YES;
				CLANG_WARN_NON_LITERAL_NULL_CONVERSION = YES;
				CLANG_WARN_OBJC_IMPLICIT_RETAIN_SELF = YES;
				CLANG_WARN_OBJC_LITERAL_CONVERSION = YES;
				CLANG_WARN_OBJC_ROOT_CLASS = YES_ERROR;
				CLANG_WARN_QUOTED_INCLUDE_IN_FRAMEWORK_HEADER = YES;
				CLANG_WARN_RANGE_LOOP_ANALYSIS = YES;
				CLANG_WARN_STRICT_PROTOTYPES = YES;
				CLANG_WARN_SUSPICIOUS_MOVE = YES;
				CLANG_WARN_UNGUARDED_AVAILABILITY = YES_AGGRESSIVE;
				CLANG_WARN_UNREACHABLE_CODE = YES;
				CLANG_WARN__DUPLICATE_METHOD_MATCH = YES;
				COPY_PHASE_STRIP = NO;
				DEBUG_INFORMATION_FORMAT = "dwarf-with-dsym";
				ENABLE_NS_ASSERTIONS = NO;
				ENABLE_STRICT_OBJC_MSGSEND = YES;
				GCC_C_LANGUAGE_STANDARD = gnu11;
				GCC_NO_COMMON_BLOCKS = YES;
				GCC_WARN_64_TO_32_BIT_CONVERSION = YES;
				GCC_WARN_ABOUT_RETURN_TYPE = YES_ERROR;
				GCC_WARN_UNDECLARED_SELECTOR = YES;
				GCC_WARN_UNINITIALIZED_AUTOS = YES_AGGRESSIVE;
				GCC_WARN_UNUSED_FUNCTION = YES;
				GCC_WARN_UNUSED_VARIABLE = YES;
				IPHONEOS_DEPLOYMENT_TARGET = 16.2;
				MTL_ENABLE_DEBUG_INFO = NO;
				MTL_FAST_MATH = YES;
				SDKROOT = iphoneos;
				SWIFT_COMPILATION_MODE = wholemodule;
				SWIFT_OPTIMIZATION_LEVEL = "-O";
				VALIDATE_PRODUCT = YES;
			};
			name = Release;
		};
		AB9E9F58295DA3C400100EA3 /* Debug */ = {
			isa = XCBuildConfiguration;
			buildSettings = {
				ASSETCATALOG_COMPILER_APPICON_NAME = AppIcon;
				ASSETCATALOG_COMPILER_GLOBAL_ACCENT_COLOR_NAME = AccentColor;
				CODE_SIGN_STYLE = Automatic;
				CURRENT_PROJECT_VERSION = 1;
				DEVELOPMENT_TEAM = V544T4J767;
				GENERATE_INFOPLIST_FILE = YES;
				INFOPLIST_FILE = Bankey/Info.plist;
				INFOPLIST_KEY_UIApplicationSupportsIndirectInputEvents = YES;
				INFOPLIST_KEY_UILaunchStoryboardName = LaunchScreen;
				INFOPLIST_KEY_UISupportedInterfaceOrientations_iPad = "UIInterfaceOrientationPortrait UIInterfaceOrientationPortraitUpsideDown UIInterfaceOrientationLandscapeLeft UIInterfaceOrientationLandscapeRight";
				INFOPLIST_KEY_UISupportedInterfaceOrientations_iPhone = "UIInterfaceOrientationPortrait UIInterfaceOrientationLandscapeLeft UIInterfaceOrientationLandscapeRight";
				LD_RUNPATH_SEARCH_PATHS = (
					"$(inherited)",
					"@executable_path/Frameworks",
				);
				MARKETING_VERSION = 1.0;
				PRODUCT_BUNDLE_IDENTIFIER = AK.Bankey;
				PRODUCT_NAME = "$(TARGET_NAME)";
				SWIFT_EMIT_LOC_STRINGS = YES;
				SWIFT_VERSION = 5.0;
				TARGETED_DEVICE_FAMILY = "1,2";
			};
			name = Debug;
		};
		AB9E9F59295DA3C400100EA3 /* Release */ = {
			isa = XCBuildConfiguration;
			buildSettings = {
				ASSETCATALOG_COMPILER_APPICON_NAME = AppIcon;
				ASSETCATALOG_COMPILER_GLOBAL_ACCENT_COLOR_NAME = AccentColor;
				CODE_SIGN_STYLE = Automatic;
				CURRENT_PROJECT_VERSION = 1;
				DEVELOPMENT_TEAM = V544T4J767;
				GENERATE_INFOPLIST_FILE = YES;
				INFOPLIST_FILE = Bankey/Info.plist;
				INFOPLIST_KEY_UIApplicationSupportsIndirectInputEvents = YES;
				INFOPLIST_KEY_UILaunchStoryboardName = LaunchScreen;
				INFOPLIST_KEY_UISupportedInterfaceOrientations_iPad = "UIInterfaceOrientationPortrait UIInterfaceOrientationPortraitUpsideDown UIInterfaceOrientationLandscapeLeft UIInterfaceOrientationLandscapeRight";
				INFOPLIST_KEY_UISupportedInterfaceOrientations_iPhone = "UIInterfaceOrientationPortrait UIInterfaceOrientationLandscapeLeft UIInterfaceOrientationLandscapeRight";
				LD_RUNPATH_SEARCH_PATHS = (
					"$(inherited)",
					"@executable_path/Frameworks",
				);
				MARKETING_VERSION = 1.0;
				PRODUCT_BUNDLE_IDENTIFIER = AK.Bankey;
				PRODUCT_NAME = "$(TARGET_NAME)";
				SWIFT_EMIT_LOC_STRINGS = YES;
				SWIFT_VERSION = 5.0;
				TARGETED_DEVICE_FAMILY = "1,2";
			};
			name = Release;
		};
		ABEC83C92961CAE6003EF77E /* Debug */ = {
			isa = XCBuildConfiguration;
			buildSettings = {
				BUNDLE_LOADER = "$(TEST_HOST)";
				CLANG_ENABLE_MODULES = YES;
				CODE_SIGN_STYLE = Automatic;
				CURRENT_PROJECT_VERSION = 1;
				DEVELOPMENT_TEAM = V544T4J767;
				GENERATE_INFOPLIST_FILE = YES;
				LD_RUNPATH_SEARCH_PATHS = (
					"$(inherited)",
					"@executable_path/Frameworks",
					"@loader_path/Frameworks",
				);
				MARKETING_VERSION = 1.0;
				PRODUCT_BUNDLE_IDENTIFIER = AK.BankeyUnitTests;
				PRODUCT_NAME = "$(TARGET_NAME)";
				SWIFT_EMIT_LOC_STRINGS = NO;
				SWIFT_OPTIMIZATION_LEVEL = "-Onone";
				SWIFT_VERSION = 5.0;
				TARGETED_DEVICE_FAMILY = "1,2";
				TEST_HOST = "$(BUILT_PRODUCTS_DIR)/Bankey.app/$(BUNDLE_EXECUTABLE_FOLDER_PATH)/Bankey";
			};
			name = Debug;
		};
		ABEC83CA2961CAE6003EF77E /* Release */ = {
			isa = XCBuildConfiguration;
			buildSettings = {
				BUNDLE_LOADER = "$(TEST_HOST)";
				CLANG_ENABLE_MODULES = YES;
				CODE_SIGN_STYLE = Automatic;
				CURRENT_PROJECT_VERSION = 1;
				DEVELOPMENT_TEAM = V544T4J767;
				GENERATE_INFOPLIST_FILE = YES;
				LD_RUNPATH_SEARCH_PATHS = (
					"$(inherited)",
					"@executable_path/Frameworks",
					"@loader_path/Frameworks",
				);
				MARKETING_VERSION = 1.0;
				PRODUCT_BUNDLE_IDENTIFIER = AK.BankeyUnitTests;
				PRODUCT_NAME = "$(TARGET_NAME)";
				SWIFT_EMIT_LOC_STRINGS = NO;
				SWIFT_VERSION = 5.0;
				TARGETED_DEVICE_FAMILY = "1,2";
				TEST_HOST = "$(BUILT_PRODUCTS_DIR)/Bankey.app/$(BUNDLE_EXECUTABLE_FOLDER_PATH)/Bankey";
			};
			name = Release;
		};
/* End XCBuildConfiguration section */

/* Begin XCConfigurationList section */
		AB9E9F3E295DA3C300100EA3 /* Build configuration list for PBXProject "Bankey" */ = {
			isa = XCConfigurationList;
			buildConfigurations = (
				AB9E9F55295DA3C400100EA3 /* Debug */,
				AB9E9F56295DA3C400100EA3 /* Release */,
			);
			defaultConfigurationIsVisible = 0;
			defaultConfigurationName = Release;
		};
		AB9E9F57295DA3C400100EA3 /* Build configuration list for PBXNativeTarget "Bankey" */ = {
			isa = XCConfigurationList;
			buildConfigurations = (
				AB9E9F58295DA3C400100EA3 /* Debug */,
				AB9E9F59295DA3C400100EA3 /* Release */,
			);
			defaultConfigurationIsVisible = 0;
			defaultConfigurationName = Release;
		};
		ABEC83C82961CAE6003EF77E /* Build configuration list for PBXNativeTarget "BankeyUnitTests" */ = {
			isa = XCConfigurationList;
			buildConfigurations = (
				ABEC83C92961CAE6003EF77E /* Debug */,
				ABEC83CA2961CAE6003EF77E /* Release */,
			);
			defaultConfigurationIsVisible = 0;
			defaultConfigurationName = Release;
		};
/* End XCConfigurationList section */
	};
	rootObject = AB9E9F3B295DA3C300100EA3 /* Project object */;
}
